
Microsoft Visual Studio Solution File, Format Version 12.00
# Visual Studio 15
VisualStudioVersion = 15.0.28010.2048
MinimumVisualStudioVersion = 10.0.40219.1
Project("{FAE04EC0-301F-11D3-BF4B-00C04F79EFBC}") = "flpzvoog", "flpzvoog\flpzvoog.csproj", "{6419152D-01FF-4B64-B075-61ACDFD377AF}"
EndProject
Project("{FAE04EC0-301F-11D3-BF4B-00C04F79EFBC}") = "Monad.FLParser", "..\Monad.FLParser.csproj", "{CE83037E-41AA-4C72-BE2E-1DF90583AD17}"
EndProject
Global
	GlobalSection(SolutionConfigurationPlatforms) = preSolution
		Debug|Any CPU = Debug|Any CPU
		Release|Any CPU = Release|Any CPU
	EndGlobalSection
	GlobalSection(ProjectConfigurationPlatforms) = postSolution
		{6419152D-01FF-4B64-B075-61ACDFD377AF}.Debug|Any CPU.ActiveCfg = Debug|Any CPU
		{6419152D-01FF-4B64-B075-61ACDFD377AF}.Debug|Any CPU.Build.0 = Debug|Any CPU
		{6419152D-01FF-4B64-B075-61ACDFD377AF}.Release|Any CPU.ActiveCfg = Release|Any CPU
		{6419152D-01FF-4B64-B075-61ACDFD377AF}.Release|Any CPU.Build.0 = Release|Any CPU
		{CE83037E-41AA-4C72-BE2E-1DF90583AD17}.Debug|Any CPU.ActiveCfg = Debug|Any CPU
		{CE83037E-41AA-4C72-BE2E-1DF90583AD17}.Debug|Any CPU.Build.0 = Debug|Any CPU
		{CE83037E-41AA-4C72-BE2E-1DF90583AD17}.Release|Any CPU.ActiveCfg = Release|Any CPU
		{CE83037E-41AA-4C72-BE2E-1DF90583AD17}.Release|Any CPU.Build.0 = Release|Any CPU
	EndGlobalSection
	GlobalSection(SolutionProperties) = preSolution
		HideSolutionNode = FALSE
	EndGlobalSection
	GlobalSection(ExtensibilityGlobals) = postSolution
		SolutionGuid = {110B1A02-C144-4417-86CC-6F439A8A4E95}
	EndGlobalSection
EndGlobal
